// !$*UTF8*$!
{
	archiveVersion = 1;
	classes = {
	};
	objectVersion = 50;
	objects = {

/* Begin PBXBuildFile section */
		98785F0C8717FBCC89F61809 /* Pods_SolarSystem.framework in Frameworks */ = {isa = PBXBuildFile; fileRef = E8FE5B8767A285325495B796 /* Pods_SolarSystem.framework */; };
		FB4ED8C720939F5B0084C686 /* AppDelegate.swift in Sources */ = {isa = PBXBuildFile; fileRef = FB4ED8C620939F5B0084C686 /* AppDelegate.swift */; };
		FB4ED8CC20939F5B0084C686 /* Main.storyboard in Resources */ = {isa = PBXBuildFile; fileRef = FB4ED8CA20939F5B0084C686 /* Main.storyboard */; };
		FB4ED8CE20939F660084C686 /* Assets.xcassets in Resources */ = {isa = PBXBuildFile; fileRef = FB4ED8CD20939F660084C686 /* Assets.xcassets */; };
		FB4ED8D120939F660084C686 /* LaunchScreen.storyboard in Resources */ = {isa = PBXBuildFile; fileRef = FB4ED8CF20939F660084C686 /* LaunchScreen.storyboard */; };
		FB9786C72097506800D46F8B /* APIClient.swift in Sources */ = {isa = PBXBuildFile; fileRef = FB9786C62097506800D46F8B /* APIClient.swift */; };
		FB9786CC20976B5D00D46F8B /* LandingViewController.swift in Sources */ = {isa = PBXBuildFile; fileRef = FB9786CB20976B5D00D46F8B /* LandingViewController.swift */; };
		FB9786CE20976C6800D46F8B /* GalleryCell.swift in Sources */ = {isa = PBXBuildFile; fileRef = FB9786CD20976C6800D46F8B /* GalleryCell.swift */; };
		FB9786D02097A86200D46F8B /* GalleryController.swift in Sources */ = {isa = PBXBuildFile; fileRef = FB9786CF2097A86200D46F8B /* GalleryController.swift */; };
		FB9786D22097ABCE00D46F8B /* GalleryDatasource.swift in Sources */ = {isa = PBXBuildFile; fileRef = FB9786D12097ABCE00D46F8B /* GalleryDatasource.swift */; };
		FB9786D42097C09000D46F8B /* NASAGallery.swift in Sources */ = {isa = PBXBuildFile; fileRef = FB9786D32097C09000D46F8B /* NASAGallery.swift */; };
		FB9786D62097C6BF00D46F8B /* Endpoint.swift in Sources */ = {isa = PBXBuildFile; fileRef = FB9786D52097C6BF00D46F8B /* Endpoint.swift */; };
		FB9786D82097C91100D46F8B /* Result.swift in Sources */ = {isa = PBXBuildFile; fileRef = FB9786D72097C91100D46F8B /* Result.swift */; };
		FB9786DA2097CC5700D46F8B /* NASAClient.swift in Sources */ = {isa = PBXBuildFile; fileRef = FB9786D92097CC5700D46F8B /* NASAClient.swift */; };
		FB9786DC2097CF1900D46F8B /* NASAGalleryOperation.swift in Sources */ = {isa = PBXBuildFile; fileRef = FB9786DB2097CF1900D46F8B /* NASAGalleryOperation.swift */; };
		FB9786E02098D01600D46F8B /* GalleryImageOperation.swift in Sources */ = {isa = PBXBuildFile; fileRef = FB9786DF2098D01600D46F8B /* GalleryImageOperation.swift */; };
		FB9786E22099026F00D46F8B /* ImageData.swift in Sources */ = {isa = PBXBuildFile; fileRef = FB9786E12099026F00D46F8B /* ImageData.swift */; };
		FB9786E42099EA0800D46F8B /* PendingOperations.swift in Sources */ = {isa = PBXBuildFile; fileRef = FB9786E32099EA0700D46F8B /* PendingOperations.swift */; };
		FB9786E72099EFD600D46F8B /* GalleryCellViewModel.swift in Sources */ = {isa = PBXBuildFile; fileRef = FB9786E62099EFD600D46F8B /* GalleryCellViewModel.swift */; };
/* End PBXBuildFile section */

/* Begin PBXFileReference section */
		2104B03441726241BB4869CA /* Pods-SolarSystem.release.xcconfig */ = {isa = PBXFileReference; includeInIndex = 1; lastKnownFileType = text.xcconfig; name = "Pods-SolarSystem.release.xcconfig"; path = "Pods/Target Support Files/Pods-SolarSystem/Pods-SolarSystem.release.xcconfig"; sourceTree = "<group>"; };
		CAFE9BEC214B035C46A4F4C9 /* Pods-SolarSystem.debug.xcconfig */ = {isa = PBXFileReference; includeInIndex = 1; lastKnownFileType = text.xcconfig; name = "Pods-SolarSystem.debug.xcconfig"; path = "Pods/Target Support Files/Pods-SolarSystem/Pods-SolarSystem.debug.xcconfig"; sourceTree = "<group>"; };
		E8FE5B8767A285325495B796 /* Pods_SolarSystem.framework */ = {isa = PBXFileReference; explicitFileType = wrapper.framework; includeInIndex = 0; path = Pods_SolarSystem.framework; sourceTree = BUILT_PRODUCTS_DIR; };
		FB4ED8C320939F5B0084C686 /* SolarSystem.app */ = {isa = PBXFileReference; explicitFileType = wrapper.application; includeInIndex = 0; path = SolarSystem.app; sourceTree = BUILT_PRODUCTS_DIR; };
		FB4ED8C620939F5B0084C686 /* AppDelegate.swift */ = {isa = PBXFileReference; lastKnownFileType = sourcecode.swift; path = AppDelegate.swift; sourceTree = "<group>"; };
		FB4ED8CB20939F5B0084C686 /* Base */ = {isa = PBXFileReference; lastKnownFileType = file.storyboard; name = Base; path = Base.lproj/Main.storyboard; sourceTree = "<group>"; };
		FB4ED8CD20939F660084C686 /* Assets.xcassets */ = {isa = PBXFileReference; lastKnownFileType = folder.assetcatalog; path = Assets.xcassets; sourceTree = "<group>"; };
		FB4ED8D020939F660084C686 /* Base */ = {isa = PBXFileReference; lastKnownFileType = file.storyboard; name = Base; path = Base.lproj/LaunchScreen.storyboard; sourceTree = "<group>"; };
		FB4ED8D220939F660084C686 /* Info.plist */ = {isa = PBXFileReference; lastKnownFileType = text.plist.xml; path = Info.plist; sourceTree = "<group>"; };
		FB9786C62097506800D46F8B /* APIClient.swift */ = {isa = PBXFileReference; lastKnownFileType = sourcecode.swift; path = APIClient.swift; sourceTree = "<group>"; };
		FB9786CB20976B5D00D46F8B /* LandingViewController.swift */ = {isa = PBXFileReference; lastKnownFileType = sourcecode.swift; path = LandingViewController.swift; sourceTree = "<group>"; };
		FB9786CD20976C6800D46F8B /* GalleryCell.swift */ = {isa = PBXFileReference; lastKnownFileType = sourcecode.swift; path = GalleryCell.swift; sourceTree = "<group>"; };
		FB9786CF2097A86200D46F8B /* GalleryController.swift */ = {isa = PBXFileReference; lastKnownFileType = sourcecode.swift; path = GalleryController.swift; sourceTree = "<group>"; };
		FB9786D12097ABCE00D46F8B /* GalleryDatasource.swift */ = {isa = PBXFileReference; lastKnownFileType = sourcecode.swift; path = GalleryDatasource.swift; sourceTree = "<group>"; };
		FB9786D32097C09000D46F8B /* NASAGallery.swift */ = {isa = PBXFileReference; lastKnownFileType = sourcecode.swift; path = NASAGallery.swift; sourceTree = "<group>"; };
		FB9786D52097C6BF00D46F8B /* Endpoint.swift */ = {isa = PBXFileReference; lastKnownFileType = sourcecode.swift; path = Endpoint.swift; sourceTree = "<group>"; };
		FB9786D72097C91100D46F8B /* Result.swift */ = {isa = PBXFileReference; lastKnownFileType = sourcecode.swift; path = Result.swift; sourceTree = "<group>"; };
		FB9786D92097CC5700D46F8B /* NASAClient.swift */ = {isa = PBXFileReference; lastKnownFileType = sourcecode.swift; path = NASAClient.swift; sourceTree = "<group>"; };
		FB9786DB2097CF1900D46F8B /* NASAGalleryOperation.swift */ = {isa = PBXFileReference; lastKnownFileType = sourcecode.swift; path = NASAGalleryOperation.swift; sourceTree = "<group>"; };
		FB9786DF2098D01600D46F8B /* GalleryImageOperation.swift */ = {isa = PBXFileReference; lastKnownFileType = sourcecode.swift; path = GalleryImageOperation.swift; sourceTree = "<group>"; };
		FB9786E12099026F00D46F8B /* ImageData.swift */ = {isa = PBXFileReference; lastKnownFileType = sourcecode.swift; path = ImageData.swift; sourceTree = "<group>"; };
		FB9786E32099EA0700D46F8B /* PendingOperations.swift */ = {isa = PBXFileReference; lastKnownFileType = sourcecode.swift; path = PendingOperations.swift; sourceTree = "<group>"; };
		FB9786E62099EFD600D46F8B /* GalleryCellViewModel.swift */ = {isa = PBXFileReference; lastKnownFileType = sourcecode.swift; path = GalleryCellViewModel.swift; sourceTree = "<group>"; };
/* End PBXFileReference section */

/* Begin PBXFrameworksBuildPhase section */
		FB4ED8C020939F5A0084C686 /* Frameworks */ = {
			isa = PBXFrameworksBuildPhase;
			buildActionMask = 2147483647;
			files = (
				98785F0C8717FBCC89F61809 /* Pods_SolarSystem.framework in Frameworks */,
			);
			runOnlyForDeploymentPostprocessing = 0;
		};
/* End PBXFrameworksBuildPhase section */

/* Begin PBXGroup section */
		6DBFBBA316E103981EF6575B /* Frameworks */ = {
			isa = PBXGroup;
			children = (
				E8FE5B8767A285325495B796 /* Pods_SolarSystem.framework */,
			);
			name = Frameworks;
			sourceTree = "<group>";
		};
		F9E847D2E0AD6FA3EAACAC18 /* Pods */ = {
			isa = PBXGroup;
			children = (
				CAFE9BEC214B035C46A4F4C9 /* Pods-SolarSystem.debug.xcconfig */,
				2104B03441726241BB4869CA /* Pods-SolarSystem.release.xcconfig */,
			);
			name = Pods;
			sourceTree = "<group>";
		};
		FB4ED8BA20939F5A0084C686 = {
			isa = PBXGroup;
			children = (
				FB4ED8C520939F5B0084C686 /* SolarSystem */,
				FB4ED8C420939F5B0084C686 /* Products */,
				F9E847D2E0AD6FA3EAACAC18 /* Pods */,
				6DBFBBA316E103981EF6575B /* Frameworks */,
			);
			sourceTree = "<group>";
		};
		FB4ED8C420939F5B0084C686 /* Products */ = {
			isa = PBXGroup;
			children = (
				FB4ED8C320939F5B0084C686 /* SolarSystem.app */,
			);
			name = Products;
			sourceTree = "<group>";
		};
		FB4ED8C520939F5B0084C686 /* SolarSystem */ = {
			isa = PBXGroup;
			children = (
				FB9786BF2097466C00D46F8B /* Helpers */,
				FB9786BE2097466300D46F8B /* Views */,
				FB9786BD2097465C00D46F8B /* Models */,
				FB9786BC2097465500D46F8B /* Controllers */,
				FB4ED8C620939F5B0084C686 /* AppDelegate.swift */,
				FB4ED8CA20939F5B0084C686 /* Main.storyboard */,
				FB4ED8CD20939F660084C686 /* Assets.xcassets */,
				FB4ED8CF20939F660084C686 /* LaunchScreen.storyboard */,
				FB4ED8D220939F660084C686 /* Info.plist */,
			);
			path = SolarSystem;
			sourceTree = "<group>";
		};
		FB9786BC2097465500D46F8B /* Controllers */ = {
			isa = PBXGroup;
			children = (
				FB9786CB20976B5D00D46F8B /* LandingViewController.swift */,
				FB9786CF2097A86200D46F8B /* GalleryController.swift */,
			);
			path = Controllers;
			sourceTree = "<group>";
		};
		FB9786BD2097465C00D46F8B /* Models */ = {
			isa = PBXGroup;
			children = (
				FB9786C82097672900D46F8B /* Codable */,
				FB9786C02097468200D46F8B /* Datasources */,
			);
			path = Models;
			sourceTree = "<group>";
		};
		FB9786BE2097466300D46F8B /* Views */ = {
			isa = PBXGroup;
			children = (
				FB9786E52099EFB500D46F8B /* ViewModels */,
				FB9786CD20976C6800D46F8B /* GalleryCell.swift */,
			);
			path = Views;
			sourceTree = "<group>";
		};
		FB9786BF2097466C00D46F8B /* Helpers */ = {
			isa = PBXGroup;
			children = (
				FB9786C520974EE300D46F8B /* Networking */,
			);
			path = Helpers;
			sourceTree = "<group>";
		};
		FB9786C02097468200D46F8B /* Datasources */ = {
			isa = PBXGroup;
			children = (
				FB9786D12097ABCE00D46F8B /* GalleryDatasource.swift */,
			);
			path = Datasources;
			sourceTree = "<group>";
		};
		FB9786C520974EE300D46F8B /* Networking */ = {
			isa = PBXGroup;
			children = (
				FB9786C62097506800D46F8B /* APIClient.swift */,
				FB9786D52097C6BF00D46F8B /* Endpoint.swift */,
				FB9786D72097C91100D46F8B /* Result.swift */,
				FB9786D92097CC5700D46F8B /* NASAClient.swift */,
				FB9786DE2098CFF500D46F8B /* Operations */,
				FB9786E12099026F00D46F8B /* ImageData.swift */,
			);
			path = Networking;
			sourceTree = "<group>";
		};
		FB9786C82097672900D46F8B /* Codable */ = {
			isa = PBXGroup;
			children = (
				FB9786D32097C09000D46F8B /* NASAGallery.swift */,
			);
			path = Codable;
			sourceTree = "<group>";
		};
		FB9786DE2098CFF500D46F8B /* Operations */ = {
			isa = PBXGroup;
			children = (
				FB9786DB2097CF1900D46F8B /* NASAGalleryOperation.swift */,
				FB9786DF2098D01600D46F8B /* GalleryImageOperation.swift */,
				FB9786E32099EA0700D46F8B /* PendingOperations.swift */,
			);
			path = Operations;
			sourceTree = "<group>";
		};
		FB9786E52099EFB500D46F8B /* ViewModels */ = {
			isa = PBXGroup;
			children = (
				FB9786E62099EFD600D46F8B /* GalleryCellViewModel.swift */,
			);
			path = ViewModels;
			sourceTree = "<group>";
		};
/* End PBXGroup section */

/* Begin PBXNativeTarget section */
		FB4ED8C220939F5A0084C686 /* SolarSystem */ = {
			isa = PBXNativeTarget;
			buildConfigurationList = FB4ED8D520939F660084C686 /* Build configuration list for PBXNativeTarget "SolarSystem" */;
			buildPhases = (
				14F570D6BC7697A8983A6675 /* [CP] Check Pods Manifest.lock */,
				FB4ED8BF20939F5A0084C686 /* Sources */,
				FB4ED8C020939F5A0084C686 /* Frameworks */,
				FB4ED8C120939F5A0084C686 /* Resources */,
				1E0324AB2EB2FCBFA8344543 /* [CP] Embed Pods Frameworks */,
			);
			buildRules = (
			);
			dependencies = (
			);
			name = SolarSystem;
			productName = SolarSystem;
			productReference = FB4ED8C320939F5B0084C686 /* SolarSystem.app */;
			productType = "com.apple.product-type.application";
		};
/* End PBXNativeTarget section */

/* Begin PBXProject section */
		FB4ED8BB20939F5A0084C686 /* Project object */ = {
			isa = PBXProject;
			attributes = {
				LastSwiftUpdateCheck = 0930;
				LastUpgradeCheck = 0930;
				ORGANIZATIONNAME = "Max Ramirez";
				TargetAttributes = {
					FB4ED8C220939F5A0084C686 = {
						CreatedOnToolsVersion = 9.3;
					};
				};
			};
			buildConfigurationList = FB4ED8BE20939F5A0084C686 /* Build configuration list for PBXProject "SolarSystem" */;
			compatibilityVersion = "Xcode 9.3";
			developmentRegion = en;
			hasScannedForEncodings = 0;
			knownRegions = (
				en,
				Base,
			);
			mainGroup = FB4ED8BA20939F5A0084C686;
			productRefGroup = FB4ED8C420939F5B0084C686 /* Products */;
			projectDirPath = "";
			projectRoot = "";
			targets = (
				FB4ED8C220939F5A0084C686 /* SolarSystem */,
			);
		};
/* End PBXProject section */

/* Begin PBXResourcesBuildPhase section */
		FB4ED8C120939F5A0084C686 /* Resources */ = {
			isa = PBXResourcesBuildPhase;
			buildActionMask = 2147483647;
			files = (
				FB4ED8D120939F660084C686 /* LaunchScreen.storyboard in Resources */,
				FB4ED8CE20939F660084C686 /* Assets.xcassets in Resources */,
				FB4ED8CC20939F5B0084C686 /* Main.storyboard in Resources */,
			);
			runOnlyForDeploymentPostprocessing = 0;
		};
/* End PBXResourcesBuildPhase section */

/* Begin PBXShellScriptBuildPhase section */
		14F570D6BC7697A8983A6675 /* [CP] Check Pods Manifest.lock */ = {
			isa = PBXShellScriptBuildPhase;
			buildActionMask = 2147483647;
			files = (
			);
			inputPaths = (
				"${PODS_PODFILE_DIR_PATH}/Podfile.lock",
				"${PODS_ROOT}/Manifest.lock",
			);
			name = "[CP] Check Pods Manifest.lock";
			outputPaths = (
				"$(DERIVED_FILE_DIR)/Pods-SolarSystem-checkManifestLockResult.txt",
			);
			runOnlyForDeploymentPostprocessing = 0;
			shellPath = /bin/sh;
			shellScript = "diff \"${PODS_PODFILE_DIR_PATH}/Podfile.lock\" \"${PODS_ROOT}/Manifest.lock\" > /dev/null\nif [ $? != 0 ] ; then\n    # print error to STDERR\n    echo \"error: The sandbox is not in sync with the Podfile.lock. Run 'pod install' or update your CocoaPods installation.\" >&2\n    exit 1\nfi\n# This output is used by Xcode 'outputs' to avoid re-running this script phase.\necho \"SUCCESS\" > \"${SCRIPT_OUTPUT_FILE_0}\"\n";
			showEnvVarsInLog = 0;
		};
		1E0324AB2EB2FCBFA8344543 /* [CP] Embed Pods Frameworks */ = {
			isa = PBXShellScriptBuildPhase;
			buildActionMask = 2147483647;
			files = (
			);
			inputPaths = (
				"${SRCROOT}/Pods/Target Support Files/Pods-SolarSystem/Pods-SolarSystem-frameworks.sh",
				"${BUILT_PRODUCTS_DIR}/Alamofire/Alamofire.framework",
				"${BUILT_PRODUCTS_DIR}/JLStickerTextView/JLStickerTextView.framework",
				"${BUILT_PRODUCTS_DIR}/Nuke/Nuke.framework",
			);
			name = "[CP] Embed Pods Frameworks";
			outputPaths = (
				"${TARGET_BUILD_DIR}/${FRAMEWORKS_FOLDER_PATH}/Alamofire.framework",
				"${TARGET_BUILD_DIR}/${FRAMEWORKS_FOLDER_PATH}/JLStickerTextView.framework",
				"${TARGET_BUILD_DIR}/${FRAMEWORKS_FOLDER_PATH}/Nuke.framework",
			);
			runOnlyForDeploymentPostprocessing = 0;
			shellPath = /bin/sh;
			shellScript = "\"${SRCROOT}/Pods/Target Support Files/Pods-SolarSystem/Pods-SolarSystem-frameworks.sh\"\n";
			showEnvVarsInLog = 0;
		};
/* End PBXShellScriptBuildPhase section */

/* Begin PBXSourcesBuildPhase section */
		FB4ED8BF20939F5A0084C686 /* Sources */ = {
			isa = PBXSourcesBuildPhase;
			buildActionMask = 2147483647;
			files = (
				FB9786D82097C91100D46F8B /* Result.swift in Sources */,
				FB9786D02097A86200D46F8B /* GalleryController.swift in Sources */,
				FB9786E22099026F00D46F8B /* ImageData.swift in Sources */,
				FB9786E42099EA0800D46F8B /* PendingOperations.swift in Sources */,
				FB9786C72097506800D46F8B /* APIClient.swift in Sources */,
				FB9786D62097C6BF00D46F8B /* Endpoint.swift in Sources */,
				FB9786CE20976C6800D46F8B /* GalleryCell.swift in Sources */,
				FB9786D42097C09000D46F8B /* NASAGallery.swift in Sources */,
				FB9786E02098D01600D46F8B /* GalleryImageOperation.swift in Sources */,
				FB9786D22097ABCE00D46F8B /* GalleryDatasource.swift in Sources */,
				FB9786CC20976B5D00D46F8B /* LandingViewController.swift in Sources */,
				FB9786E72099EFD600D46F8B /* GalleryCellViewModel.swift in Sources */,
				FB9786DC2097CF1900D46F8B /* NASAGalleryOperation.swift in Sources */,
				FB4ED8C720939F5B0084C686 /* AppDelegate.swift in Sources */,
				FB9786DA2097CC5700D46F8B /* NASAClient.swift in Sources */,
			);
			runOnlyForDeploymentPostprocessing = 0;
		};
/* End PBXSourcesBuildPhase section */

/* Begin PBXVariantGroup section */
		FB4ED8CA20939F5B0084C686 /* Main.storyboard */ = {
			isa = PBXVariantGroup;
			children = (
				FB4ED8CB20939F5B0084C686 /* Base */,
			);
			name = Main.storyboard;
			sourceTree = "<group>";
		};
		FB4ED8CF20939F660084C686 /* LaunchScreen.storyboard */ = {
			isa = PBXVariantGroup;
			children = (
				FB4ED8D020939F660084C686 /* Base */,
			);
			name = LaunchScreen.storyboard;
			sourceTree = "<group>";
		};
/* End PBXVariantGroup section */

/* Begin XCBuildConfiguration section */
		FB4ED8D320939F660084C686 /* Debug */ = {
			isa = XCBuildConfiguration;
			buildSettings = {
				ALWAYS_SEARCH_USER_PATHS = NO;
				CLANG_ANALYZER_NONNULL = YES;
				CLANG_ANALYZER_NUMBER_OBJECT_CONVERSION = YES_AGGRESSIVE;
				CLANG_CXX_LANGUAGE_STANDARD = "gnu++14";
				CLANG_CXX_LIBRARY = "libc++";
				CLANG_ENABLE_MODULES = YES;
				CLANG_ENABLE_OBJC_ARC = YES;
				CLANG_ENABLE_OBJC_WEAK = YES;
				CLANG_WARN_BLOCK_CAPTURE_AUTORELEASING = YES;
				CLANG_WARN_BOOL_CONVERSION = YES;
				CLANG_WARN_COMMA = YES;
				CLANG_WARN_CONSTANT_CONVERSION = YES;
				CLANG_WARN_DEPRECATED_OBJC_IMPLEMENTATIONS = YES;
				CLANG_WARN_DIRECT_OBJC_ISA_USAGE = YES_ERROR;
				CLANG_WARN_DOCUMENTATION_COMMENTS = YES;
				CLANG_WARN_EMPTY_BODY = YES;
				CLANG_WARN_ENUM_CONVERSION = YES;
				CLANG_WARN_INFINITE_RECURSION = YES;
				CLANG_WARN_INT_CONVERSION = YES;
				CLANG_WARN_NON_LITERAL_NULL_CONVERSION = YES;
				CLANG_WARN_OBJC_IMPLICIT_RETAIN_SELF = YES;
				CLANG_WARN_OBJC_LITERAL_CONVERSION = YES;
				CLANG_WARN_OBJC_ROOT_CLASS = YES_ERROR;
				CLANG_WARN_RANGE_LOOP_ANALYSIS = YES;
				CLANG_WARN_STRICT_PROTOTYPES = YES;
				CLANG_WARN_SUSPICIOUS_MOVE = YES;
				CLANG_WARN_UNGUARDED_AVAILABILITY = YES_AGGRESSIVE;
				CLANG_WARN_UNREACHABLE_CODE = YES;
				CLANG_WARN__DUPLICATE_METHOD_MATCH = YES;
				CODE_SIGN_IDENTITY = "iPhone Developer";
				COPY_PHASE_STRIP = NO;
				DEBUG_INFORMATION_FORMAT = dwarf;
				ENABLE_STRICT_OBJC_MSGSEND = YES;
				ENABLE_TESTABILITY = YES;
				GCC_C_LANGUAGE_STANDARD = gnu11;
				GCC_DYNAMIC_NO_PIC = NO;
				GCC_NO_COMMON_BLOCKS = YES;
				GCC_OPTIMIZATION_LEVEL = 0;
				GCC_PREPROCESSOR_DEFINITIONS = (
					"DEBUG=1",
					"$(inherited)",
				);
				GCC_WARN_64_TO_32_BIT_CONVERSION = YES;
				GCC_WARN_ABOUT_RETURN_TYPE = YES_ERROR;
				GCC_WARN_UNDECLARED_SELECTOR = YES;
				GCC_WARN_UNINITIALIZED_AUTOS = YES_AGGRESSIVE;
				GCC_WARN_UNUSED_FUNCTION = YES;
				GCC_WARN_UNUSED_VARIABLE = YES;
				IPHONEOS_DEPLOYMENT_TARGET = 11.3;
				MTL_ENABLE_DEBUG_INFO = YES;
				ONLY_ACTIVE_ARCH = YES;
				SDKROOT = iphoneos;
				SWIFT_ACTIVE_COMPILATION_CONDITIONS = DEBUG;
				SWIFT_OPTIMIZATION_LEVEL = "-Onone";
			};
			name = Debug;
		};
		FB4ED8D420939F660084C686 /* Release */ = {
			isa = XCBuildConfiguration;
			buildSettings = {
				ALWAYS_SEARCH_USER_PATHS = NO;
				CLANG_ANALYZER_NONNULL = YES;
				CLANG_ANALYZER_NUMBER_OBJECT_CONVERSION = YES_AGGRESSIVE;
				CLANG_CXX_LANGUAGE_STANDARD = "gnu++14";
				CLANG_CXX_LIBRARY = "libc++";
				CLANG_ENABLE_MODULES = YES;
				CLANG_ENABLE_OBJC_ARC = YES;
				CLANG_ENABLE_OBJC_WEAK = YES;
				CLANG_WARN_BLOCK_CAPTURE_AUTORELEASING = YES;
				CLANG_WARN_BOOL_CONVERSION = YES;
				CLANG_WARN_COMMA = YES;
				CLANG_WARN_CONSTANT_CONVERSION = YES;
				CLANG_WARN_DEPRECATED_OBJC_IMPLEMENTATIONS = YES;
				CLANG_WARN_DIRECT_OBJC_ISA_USAGE = YES_ERROR;
				CLANG_WARN_DOCUMENTATION_COMMENTS = YES;
				CLANG_WARN_EMPTY_BODY = YES;
				CLANG_WARN_ENUM_CONVERSION = YES;
				CLANG_WARN_INFINITE_RECURSION = YES;
				CLANG_WARN_INT_CONVERSION = YES;
				CLANG_WARN_NON_LITERAL_NULL_CONVERSION = YES;
				CLANG_WARN_OBJC_IMPLICIT_RETAIN_SELF = YES;
				CLANG_WARN_OBJC_LITERAL_CONVERSION = YES;
				CLANG_WARN_OBJC_ROOT_CLASS = YES_ERROR;
				CLANG_WARN_RANGE_LOOP_ANALYSIS = YES;
				CLANG_WARN_STRICT_PROTOTYPES = YES;
				CLANG_WARN_SUSPICIOUS_MOVE = YES;
				CLANG_WARN_UNGUARDED_AVAILABILITY = YES_AGGRESSIVE;
				CLANG_WARN_UNREACHABLE_CODE = YES;
				CLANG_WARN__DUPLICATE_METHOD_MATCH = YES;
				CODE_SIGN_IDENTITY = "iPhone Developer";
				COPY_PHASE_STRIP = NO;
				DEBUG_INFORMATION_FORMAT = "dwarf-with-dsym";
				ENABLE_NS_ASSERTIONS = NO;
				ENABLE_STRICT_OBJC_MSGSEND = YES;
				GCC_C_LANGUAGE_STANDARD = gnu11;
				GCC_NO_COMMON_BLOCKS = YES;
				GCC_WARN_64_TO_32_BIT_CONVERSION = YES;
				GCC_WARN_ABOUT_RETURN_TYPE = YES_ERROR;
				GCC_WARN_UNDECLARED_SELECTOR = YES;
				GCC_WARN_UNINITIALIZED_AUTOS = YES_AGGRESSIVE;
				GCC_WARN_UNUSED_FUNCTION = YES;
				GCC_WARN_UNUSED_VARIABLE = YES;
				IPHONEOS_DEPLOYMENT_TARGET = 11.3;
				MTL_ENABLE_DEBUG_INFO = NO;
				SDKROOT = iphoneos;
				SWIFT_COMPILATION_MODE = wholemodule;
				SWIFT_OPTIMIZATION_LEVEL = "-O";
				VALIDATE_PRODUCT = YES;
			};
			name = Release;
		};
		FB4ED8D620939F660084C686 /* Debug */ = {
			isa = XCBuildConfiguration;
			baseConfigurationReference = CAFE9BEC214B035C46A4F4C9 /* Pods-SolarSystem.debug.xcconfig */;
			buildSettings = {
				ASSETCATALOG_COMPILER_APPICON_NAME = AppIcon;
				CODE_SIGN_STYLE = Automatic;
				DEVELOPMENT_TEAM = KEAH2TY547;
				INFOPLIST_FILE = SolarSystem/Info.plist;
				LD_RUNPATH_SEARCH_PATHS = (
					"$(inherited)",
					"@executable_path/Frameworks",
				);
				PRODUCT_BUNDLE_IDENTIFIER = ramirezmax.SolarSystem;
				PRODUCT_NAME = "$(TARGET_NAME)";
				SWIFT_VERSION = 4.0;
				TARGETED_DEVICE_FAMILY = 2;
			};
			name = Debug;
		};
		FB4ED8D720939F660084C686 /* Release */ = {
			isa = XCBuildConfiguration;
			baseConfigurationReference = 2104B03441726241BB4869CA /* Pods-SolarSystem.release.xcconfig */;
			buildSettings = {
				ASSETCATALOG_COMPILER_APPICON_NAME = AppIcon;
				CODE_SIGN_STYLE = Automatic;
				DEVELOPMENT_TEAM = KEAH2TY547;
				INFOPLIST_FILE = SolarSystem/Info.plist;
				LD_RUNPATH_SEARCH_PATHS = (
					"$(inherited)",
					"@executable_path/Frameworks",
				);
				PRODUCT_BUNDLE_IDENTIFIER = ramirezmax.SolarSystem;
				PRODUCT_NAME = "$(TARGET_NAME)";
				SWIFT_VERSION = 4.0;
				TARGETED_DEVICE_FAMILY = 2;
			};
			name = Release;
		};
/* End XCBuildConfiguration section */

/* Begin XCConfigurationList section */
		FB4ED8BE20939F5A0084C686 /* Build configuration list for PBXProject "SolarSystem" */ = {
			isa = XCConfigurationList;
			buildConfigurations = (
				FB4ED8D320939F660084C686 /* Debug */,
				FB4ED8D420939F660084C686 /* Release */,
			);
			defaultConfigurationIsVisible = 0;
			defaultConfigurationName = Release;
		};
		FB4ED8D520939F660084C686 /* Build configuration list for PBXNativeTarget "SolarSystem" */ = {
			isa = XCConfigurationList;
			buildConfigurations = (
				FB4ED8D620939F660084C686 /* Debug */,
				FB4ED8D720939F660084C686 /* Release */,
			);
			defaultConfigurationIsVisible = 0;
			defaultConfigurationName = Release;
		};
/* End XCConfigurationList section */
	};
	rootObject = FB4ED8BB20939F5A0084C686 /* Project object */;
}
